// !$*UTF8*$!
{
	archiveVersion = 1;
	classes = {
	};
	objectVersion = 56;
	objects = {

/* Begin PBXBuildFile section */
		6D1D7BE12C9D346B00B40E9C /* ViewComponent.swift in Sources */ = {isa = PBXBuildFile; fileRef = 6D1D7BE02C9D346B00B40E9C /* ViewComponent.swift */; };
		6D1D7BE32C9D347F00B40E9C /* NetworkService.swift in Sources */ = {isa = PBXBuildFile; fileRef = 6D1D7BE22C9D347F00B40E9C /* NetworkService.swift */; };
		6D1D7BE52C9D34B500B40E9C /* UIFactory.swift in Sources */ = {isa = PBXBuildFile; fileRef = 6D1D7BE42C9D34B500B40E9C /* UIFactory.swift */; };
		6DBF3D9A2C9CF91E0015FAA3 /* AppDelegate.swift in Sources */ = {isa = PBXBuildFile; fileRef = 6DBF3D992C9CF91E0015FAA3 /* AppDelegate.swift */; };
		6DBF3D9C2C9CF91E0015FAA3 /* SceneDelegate.swift in Sources */ = {isa = PBXBuildFile; fileRef = 6DBF3D9B2C9CF91E0015FAA3 /* SceneDelegate.swift */; };
		6DBF3D9E2C9CF91E0015FAA3 /* ViewController.swift in Sources */ = {isa = PBXBuildFile; fileRef = 6DBF3D9D2C9CF91E0015FAA3 /* ViewController.swift */; };
		6DBF3DA32C9CF91F0015FAA3 /* Assets.xcassets in Resources */ = {isa = PBXBuildFile; fileRef = 6DBF3DA22C9CF91F0015FAA3 /* Assets.xcassets */; };
		6DBF3DA62C9CF91F0015FAA3 /* Base in Resources */ = {isa = PBXBuildFile; fileRef = 6DBF3DA52C9CF91F0015FAA3 /* Base */; };
		6DBF3DB12C9CF9200015FAA3 /* DrivenUITests.swift in Sources */ = {isa = PBXBuildFile; fileRef = 6DBF3DB02C9CF9200015FAA3 /* DrivenUITests.swift */; };
		6DBF3DBB2C9CF9200015FAA3 /* DrivenUIUITests.swift in Sources */ = {isa = PBXBuildFile; fileRef = 6DBF3DBA2C9CF9200015FAA3 /* DrivenUIUITests.swift */; };
		6DBF3DBD2C9CF9200015FAA3 /* DrivenUIUITestsLaunchTests.swift in Sources */ = {isa = PBXBuildFile; fileRef = 6DBF3DBC2C9CF9200015FAA3 /* DrivenUIUITestsLaunchTests.swift */; };
		6DBF3DCB2C9D06320015FAA3 /* SnapKit in Frameworks */ = {isa = PBXBuildFile; productRef = 6DBF3DCA2C9D06320015FAA3 /* SnapKit */; };
/* End PBXBuildFile section */

/* Begin PBXContainerItemProxy section */
		6DBF3DAD2C9CF9200015FAA3 /* PBXContainerItemProxy */ = {
			isa = PBXContainerItemProxy;
			containerPortal = 6DBF3D8E2C9CF91E0015FAA3 /* Project object */;
			proxyType = 1;
			remoteGlobalIDString = 6DBF3D952C9CF91E0015FAA3;
			remoteInfo = DrivenUI;
		};
		6DBF3DB72C9CF9200015FAA3 /* PBXContainerItemProxy */ = {
			isa = PBXContainerItemProxy;
			containerPortal = 6DBF3D8E2C9CF91E0015FAA3 /* Project object */;
			proxyType = 1;
			remoteGlobalIDString = 6DBF3D952C9CF91E0015FAA3;
			remoteInfo = DrivenUI;
		};
/* End PBXContainerItemProxy section */

/* Begin PBXFileReference section */
		6D1D7BE02C9D346B00B40E9C /* ViewComponent.swift */ = {isa = PBXFileReference; lastKnownFileType = sourcecode.swift; path = ViewComponent.swift; sourceTree = "<group>"; };
		6D1D7BE22C9D347F00B40E9C /* NetworkService.swift */ = {isa = PBXFileReference; lastKnownFileType = sourcecode.swift; path = NetworkService.swift; sourceTree = "<group>"; };
		6D1D7BE42C9D34B500B40E9C /* UIFactory.swift */ = {isa = PBXFileReference; lastKnownFileType = sourcecode.swift; path = UIFactory.swift; sourceTree = "<group>"; };
		6DBF3D962C9CF91E0015FAA3 /* DrivenUI.app */ = {isa = PBXFileReference; explicitFileType = wrapper.application; includeInIndex = 0; path = DrivenUI.app; sourceTree = BUILT_PRODUCTS_DIR; };
		6DBF3D992C9CF91E0015FAA3 /* AppDelegate.swift */ = {isa = PBXFileReference; lastKnownFileType = sourcecode.swift; path = AppDelegate.swift; sourceTree = "<group>"; };
		6DBF3D9B2C9CF91E0015FAA3 /* SceneDelegate.swift */ = {isa = PBXFileReference; lastKnownFileType = sourcecode.swift; path = SceneDelegate.swift; sourceTree = "<group>"; };
		6DBF3D9D2C9CF91E0015FAA3 /* ViewController.swift */ = {isa = PBXFileReference; lastKnownFileType = sourcecode.swift; path = ViewController.swift; sourceTree = "<group>"; };
		6DBF3DA22C9CF91F0015FAA3 /* Assets.xcassets */ = {isa = PBXFileReference; lastKnownFileType = folder.assetcatalog; path = Assets.xcassets; sourceTree = "<group>"; };
		6DBF3DA52C9CF91F0015FAA3 /* Base */ = {isa = PBXFileReference; lastKnownFileType = file.storyboard; name = Base; path = Base.lproj/LaunchScreen.storyboard; sourceTree = "<group>"; };
		6DBF3DA72C9CF91F0015FAA3 /* Info.plist */ = {isa = PBXFileReference; lastKnownFileType = text.plist.xml; path = Info.plist; sourceTree = "<group>"; };
		6DBF3DAC2C9CF9200015FAA3 /* DrivenUITests.xctest */ = {isa = PBXFileReference; explicitFileType = wrapper.cfbundle; includeInIndex = 0; path = DrivenUITests.xctest; sourceTree = BUILT_PRODUCTS_DIR; };
		6DBF3DB02C9CF9200015FAA3 /* DrivenUITests.swift */ = {isa = PBXFileReference; lastKnownFileType = sourcecode.swift; path = DrivenUITests.swift; sourceTree = "<group>"; };
		6DBF3DB62C9CF9200015FAA3 /* DrivenUIUITests.xctest */ = {isa = PBXFileReference; explicitFileType = wrapper.cfbundle; includeInIndex = 0; path = DrivenUIUITests.xctest; sourceTree = BUILT_PRODUCTS_DIR; };
		6DBF3DBA2C9CF9200015FAA3 /* DrivenUIUITests.swift */ = {isa = PBXFileReference; lastKnownFileType = sourcecode.swift; path = DrivenUIUITests.swift; sourceTree = "<group>"; };
		6DBF3DBC2C9CF9200015FAA3 /* DrivenUIUITestsLaunchTests.swift */ = {isa = PBXFileReference; lastKnownFileType = sourcecode.swift; path = DrivenUIUITestsLaunchTests.swift; sourceTree = "<group>"; };
/* End PBXFileReference section */

/* Begin PBXFrameworksBuildPhase section */
		6DBF3D932C9CF91E0015FAA3 /* Frameworks */ = {
			isa = PBXFrameworksBuildPhase;
			buildActionMask = 2147483647;
			files = (
				6DBF3DCB2C9D06320015FAA3 /* SnapKit in Frameworks */,
			);
			runOnlyForDeploymentPostprocessing = 0;
		};
		6DBF3DA92C9CF9200015FAA3 /* Frameworks */ = {
			isa = PBXFrameworksBuildPhase;
			buildActionMask = 2147483647;
			files = (
			);
			runOnlyForDeploymentPostprocessing = 0;
		};
		6DBF3DB32C9CF9200015FAA3 /* Frameworks */ = {
			isa = PBXFrameworksBuildPhase;
			buildActionMask = 2147483647;
			files = (
			);
			runOnlyForDeploymentPostprocessing = 0;
		};
/* End PBXFrameworksBuildPhase section */

/* Begin PBXGroup section */
		6DBF3D8D2C9CF91E0015FAA3 = {
			isa = PBXGroup;
			children = (
				6DBF3D982C9CF91E0015FAA3 /* DrivenUI */,
				6DBF3DAF2C9CF9200015FAA3 /* DrivenUITests */,
				6DBF3DB92C9CF9200015FAA3 /* DrivenUIUITests */,
				6DBF3D972C9CF91E0015FAA3 /* Products */,
			);
			sourceTree = "<group>";
		};
		6DBF3D972C9CF91E0015FAA3 /* Products */ = {
			isa = PBXGroup;
			children = (
				6DBF3D962C9CF91E0015FAA3 /* DrivenUI.app */,
				6DBF3DAC2C9CF9200015FAA3 /* DrivenUITests.xctest */,
				6DBF3DB62C9CF9200015FAA3 /* DrivenUIUITests.xctest */,
			);
			name = Products;
			sourceTree = "<group>";
		};
		6DBF3D982C9CF91E0015FAA3 /* DrivenUI */ = {
			isa = PBXGroup;
			children = (
				6DBF3D992C9CF91E0015FAA3 /* AppDelegate.swift */,
				6DBF3D9B2C9CF91E0015FAA3 /* SceneDelegate.swift */,
				6DBF3D9D2C9CF91E0015FAA3 /* ViewController.swift */,
				6D1D7BE22C9D347F00B40E9C /* NetworkService.swift */,
				6D1D7BE02C9D346B00B40E9C /* ViewComponent.swift */,
				6D1D7BE42C9D34B500B40E9C /* UIFactory.swift */,
				6DBF3DA22C9CF91F0015FAA3 /* Assets.xcassets */,
				6DBF3DA42C9CF91F0015FAA3 /* LaunchScreen.storyboard */,
				6DBF3DA72C9CF91F0015FAA3 /* Info.plist */,
			);
			path = DrivenUI;
			sourceTree = "<group>";
		};
		6DBF3DAF2C9CF9200015FAA3 /* DrivenUITests */ = {
			isa = PBXGroup;
			children = (
				6DBF3DB02C9CF9200015FAA3 /* DrivenUITests.swift */,
			);
			path = DrivenUITests;
			sourceTree = "<group>";
		};
		6DBF3DB92C9CF9200015FAA3 /* DrivenUIUITests */ = {
			isa = PBXGroup;
			children = (
				6DBF3DBA2C9CF9200015FAA3 /* DrivenUIUITests.swift */,
				6DBF3DBC2C9CF9200015FAA3 /* DrivenUIUITestsLaunchTests.swift */,
			);
			path = DrivenUIUITests;
			sourceTree = "<group>";
		};
/* End PBXGroup section */

/* Begin PBXNativeTarget section */
		6DBF3D952C9CF91E0015FAA3 /* DrivenUI */ = {
			isa = PBXNativeTarget;
			buildConfigurationList = 6DBF3DC02C9CF9200015FAA3 /* Build configuration list for PBXNativeTarget "DrivenUI" */;
			buildPhases = (
				6DBF3D922C9CF91E0015FAA3 /* Sources */,
				6DBF3D932C9CF91E0015FAA3 /* Frameworks */,
				6DBF3D942C9CF91E0015FAA3 /* Resources */,
			);
			buildRules = (
			);
			dependencies = (
			);
			name = DrivenUI;
			packageProductDependencies = (
				6DBF3DCA2C9D06320015FAA3 /* SnapKit */,
			);
			productName = DrivenUI;
			productReference = 6DBF3D962C9CF91E0015FAA3 /* DrivenUI.app */;
			productType = "com.apple.product-type.application";
		};
		6DBF3DAB2C9CF9200015FAA3 /* DrivenUITests */ = {
			isa = PBXNativeTarget;
			buildConfigurationList = 6DBF3DC32C9CF9200015FAA3 /* Build configuration list for PBXNativeTarget "DrivenUITests" */;
			buildPhases = (
				6DBF3DA82C9CF9200015FAA3 /* Sources */,
				6DBF3DA92C9CF9200015FAA3 /* Frameworks */,
				6DBF3DAA2C9CF9200015FAA3 /* Resources */,
			);
			buildRules = (
			);
			dependencies = (
				6DBF3DAE2C9CF9200015FAA3 /* PBXTargetDependency */,
			);
			name = DrivenUITests;
			productName = DrivenUITests;
			productReference = 6DBF3DAC2C9CF9200015FAA3 /* DrivenUITests.xctest */;
			productType = "com.apple.product-type.bundle.unit-test";
		};
		6DBF3DB52C9CF9200015FAA3 /* DrivenUIUITests */ = {
			isa = PBXNativeTarget;
			buildConfigurationList = 6DBF3DC62C9CF9200015FAA3 /* Build configuration list for PBXNativeTarget "DrivenUIUITests" */;
			buildPhases = (
				6DBF3DB22C9CF9200015FAA3 /* Sources */,
				6DBF3DB32C9CF9200015FAA3 /* Frameworks */,
				6DBF3DB42C9CF9200015FAA3 /* Resources */,
			);
			buildRules = (
			);
			dependencies = (
				6DBF3DB82C9CF9200015FAA3 /* PBXTargetDependency */,
			);
			name = DrivenUIUITests;
			productName = DrivenUIUITests;
			productReference = 6DBF3DB62C9CF9200015FAA3 /* DrivenUIUITests.xctest */;
			productType = "com.apple.product-type.bundle.ui-testing";
		};
/* End PBXNativeTarget section */

/* Begin PBXProject section */
		6DBF3D8E2C9CF91E0015FAA3 /* Project object */ = {
			isa = PBXProject;
			attributes = {
				BuildIndependentTargetsInParallel = 1;
				LastSwiftUpdateCheck = 1540;
				LastUpgradeCheck = 1540;
				TargetAttributes = {
					6DBF3D952C9CF91E0015FAA3 = {
						CreatedOnToolsVersion = 15.4;
					};
					6DBF3DAB2C9CF9200015FAA3 = {
						CreatedOnToolsVersion = 15.4;
						TestTargetID = 6DBF3D952C9CF91E0015FAA3;
					};
					6DBF3DB52C9CF9200015FAA3 = {
						CreatedOnToolsVersion = 15.4;
						TestTargetID = 6DBF3D952C9CF91E0015FAA3;
					};
				};
			};
			buildConfigurationList = 6DBF3D912C9CF91E0015FAA3 /* Build configuration list for PBXProject "DrivenUI" */;
			compatibilityVersion = "Xcode 14.0";
			developmentRegion = en;
			hasScannedForEncodings = 0;
			knownRegions = (
				en,
				Base,
			);
			mainGroup = 6DBF3D8D2C9CF91E0015FAA3;
			packageReferences = (
				6DBF3DC92C9D06320015FAA3 /* XCRemoteSwiftPackageReference "SnapKit" */,
			);
			productRefGroup = 6DBF3D972C9CF91E0015FAA3 /* Products */;
			projectDirPath = "";
			projectRoot = "";
			targets = (
				6DBF3D952C9CF91E0015FAA3 /* DrivenUI */,
				6DBF3DAB2C9CF9200015FAA3 /* DrivenUITests */,
				6DBF3DB52C9CF9200015FAA3 /* DrivenUIUITests */,
			);
		};
/* End PBXProject section */

/* Begin PBXResourcesBuildPhase section */
		6DBF3D942C9CF91E0015FAA3 /* Resources */ = {
			isa = PBXResourcesBuildPhase;
			buildActionMask = 2147483647;
			files = (
				6DBF3DA32C9CF91F0015FAA3 /* Assets.xcassets in Resources */,
				6DBF3DA62C9CF91F0015FAA3 /* Base in Resources */,
			);
			runOnlyForDeploymentPostprocessing = 0;
		};
		6DBF3DAA2C9CF9200015FAA3 /* Resources */ = {
			isa = PBXResourcesBuildPhase;
			buildActionMask = 2147483647;
			files = (
			);
			runOnlyForDeploymentPostprocessing = 0;
		};
		6DBF3DB42C9CF9200015FAA3 /* Resources */ = {
			isa = PBXResourcesBuildPhase;
			buildActionMask = 2147483647;
			files = (
			);
			runOnlyForDeploymentPostprocessing = 0;
		};
/* End PBXResourcesBuildPhase section */

/* Begin PBXSourcesBuildPhase section */
		6DBF3D922C9CF91E0015FAA3 /* Sources */ = {
			isa = PBXSourcesBuildPhase;
			buildActionMask = 2147483647;
			files = (
				6D1D7BE32C9D347F00B40E9C /* NetworkService.swift in Sources */,
				6D1D7BE12C9D346B00B40E9C /* ViewComponent.swift in Sources */,
				6D1D7BE52C9D34B500B40E9C /* UIFactory.swift in Sources */,
				6DBF3D9E2C9CF91E0015FAA3 /* ViewController.swift in Sources */,
				6DBF3D9A2C9CF91E0015FAA3 /* AppDelegate.swift in Sources */,
				6DBF3D9C2C9CF91E0015FAA3 /* SceneDelegate.swift in Sources */,
			);
			runOnlyForDeploymentPostprocessing = 0;
		};
		6DBF3DA82C9CF9200015FAA3 /* Sources */ = {
			isa = PBXSourcesBuildPhase;
			buildActionMask = 2147483647;
			files = (
				6DBF3DB12C9CF9200015FAA3 /* DrivenUITests.swift in Sources */,
			);
			runOnlyForDeploymentPostprocessing = 0;
		};
		6DBF3DB22C9CF9200015FAA3 /* Sources */ = {
			isa = PBXSourcesBuildPhase;
			buildActionMask = 2147483647;
			files = (
				6DBF3DBD2C9CF9200015FAA3 /* DrivenUIUITestsLaunchTests.swift in Sources */,
				6DBF3DBB2C9CF9200015FAA3 /* DrivenUIUITests.swift in Sources */,
			);
			runOnlyForDeploymentPostprocessing = 0;
		};
/* End PBXSourcesBuildPhase section */

/* Begin PBXTargetDependency section */
		6DBF3DAE2C9CF9200015FAA3 /* PBXTargetDependency */ = {
			isa = PBXTargetDependency;
			target = 6DBF3D952C9CF91E0015FAA3 /* DrivenUI */;
			targetProxy = 6DBF3DAD2C9CF9200015FAA3 /* PBXContainerItemProxy */;
		};
		6DBF3DB82C9CF9200015FAA3 /* PBXTargetDependency */ = {
			isa = PBXTargetDependency;
			target = 6DBF3D952C9CF91E0015FAA3 /* DrivenUI */;
			targetProxy = 6DBF3DB72C9CF9200015FAA3 /* PBXContainerItemProxy */;
		};
/* End PBXTargetDependency section */

/* Begin PBXVariantGroup section */
		6DBF3DA42C9CF91F0015FAA3 /* LaunchScreen.storyboard */ = {
			isa = PBXVariantGroup;
			children = (
				6DBF3DA52C9CF91F0015FAA3 /* Base */,
			);
			name = LaunchScreen.storyboard;
			sourceTree = "<group>";
		};
/* End PBXVariantGroup section */

/* Begin XCBuildConfiguration section */
		6DBF3DBE2C9CF9200015FAA3 /* Debug */ = {
			isa = XCBuildConfiguration;
			buildSettings = {
				ALWAYS_SEARCH_USER_PATHS = NO;
				ASSETCATALOG_COMPILER_GENERATE_SWIFT_ASSET_SYMBOL_EXTENSIONS = YES;
				CLANG_ANALYZER_NONNULL = YES;
				CLANG_ANALYZER_NUMBER_OBJECT_CONVERSION = YES_AGGRESSIVE;
				CLANG_CXX_LANGUAGE_STANDARD = "gnu++20";
				CLANG_ENABLE_MODULES = YES;
				CLANG_ENABLE_OBJC_ARC = YES;
				CLANG_ENABLE_OBJC_WEAK = YES;
				CLANG_WARN_BLOCK_CAPTURE_AUTORELEASING = YES;
				CLANG_WARN_BOOL_CONVERSION = YES;
				CLANG_WARN_COMMA = YES;
				CLANG_WARN_CONSTANT_CONVERSION = YES;
				CLANG_WARN_DEPRECATED_OBJC_IMPLEMENTATIONS = YES;
				CLANG_WARN_DIRECT_OBJC_ISA_USAGE = YES_ERROR;
				CLANG_WARN_DOCUMENTATION_COMMENTS = YES;
				CLANG_WARN_EMPTY_BODY = YES;
				CLANG_WARN_ENUM_CONVERSION = YES;
				CLANG_WARN_INFINITE_RECURSION = YES;
				CLANG_WARN_INT_CONVERSION = YES;
				CLANG_WARN_NON_LITERAL_NULL_CONVERSION = YES;
				CLANG_WARN_OBJC_IMPLICIT_RETAIN_SELF = YES;
				CLANG_WARN_OBJC_LITERAL_CONVERSION = YES;
				CLANG_WARN_OBJC_ROOT_CLASS = YES_ERROR;
				CLANG_WARN_QUOTED_INCLUDE_IN_FRAMEWORK_HEADER = YES;
				CLANG_WARN_RANGE_LOOP_ANALYSIS = YES;
				CLANG_WARN_STRICT_PROTOTYPES = YES;
				CLANG_WARN_SUSPICIOUS_MOVE = YES;
				CLANG_WARN_UNGUARDED_AVAILABILITY = YES_AGGRESSIVE;
				CLANG_WARN_UNREACHABLE_CODE = YES;
				CLANG_WARN__DUPLICATE_METHOD_MATCH = YES;
				COPY_PHASE_STRIP = NO;
				DEBUG_INFORMATION_FORMAT = dwarf;
				ENABLE_STRICT_OBJC_MSGSEND = YES;
				ENABLE_TESTABILITY = YES;
				ENABLE_USER_SCRIPT_SANDBOXING = YES;
				GCC_C_LANGUAGE_STANDARD = gnu17;
				GCC_DYNAMIC_NO_PIC = NO;
				GCC_NO_COMMON_BLOCKS = YES;
				GCC_OPTIMIZATION_LEVEL = 0;
				GCC_PREPROCESSOR_DEFINITIONS = (
					"DEBUG=1",
					"$(inherited)",
				);
				GCC_WARN_64_TO_32_BIT_CONVERSION = YES;
				GCC_WARN_ABOUT_RETURN_TYPE = YES_ERROR;
				GCC_WARN_UNDECLARED_SELECTOR = YES;
				GCC_WARN_UNINITIALIZED_AUTOS = YES_AGGRESSIVE;
				GCC_WARN_UNUSED_FUNCTION = YES;
				GCC_WARN_UNUSED_VARIABLE = YES;
				IPHONEOS_DEPLOYMENT_TARGET = 17.5;
				LOCALIZATION_PREFERS_STRING_CATALOGS = YES;
				MTL_ENABLE_DEBUG_INFO = INCLUDE_SOURCE;
				MTL_FAST_MATH = YES;
				ONLY_ACTIVE_ARCH = YES;
				SDKROOT = iphoneos;
				SWIFT_ACTIVE_COMPILATION_CONDITIONS = "DEBUG $(inherited)";
				SWIFT_OPTIMIZATION_LEVEL = "-Onone";
			};
			name = Debug;
		};
		6DBF3DBF2C9CF9200015FAA3 /* Release */ = {
			isa = XCBuildConfiguration;
			buildSettings = {
				ALWAYS_SEARCH_USER_PATHS = NO;
				ASSETCATALOG_COMPILER_GENERATE_SWIFT_ASSET_SYMBOL_EXTENSIONS = YES;
				CLANG_ANALYZER_NONNULL = YES;
				CLANG_ANALYZER_NUMBER_OBJECT_CONVERSION = YES_AGGRESSIVE;
				CLANG_CXX_LANGUAGE_STANDARD = "gnu++20";
				CLANG_ENABLE_MODULES = YES;
				CLANG_ENABLE_OBJC_ARC = YES;
				CLANG_ENABLE_OBJC_WEAK = YES;
				CLANG_WARN_BLOCK_CAPTURE_AUTORELEASING = YES;
				CLANG_WARN_BOOL_CONVERSION = YES;
				CLANG_WARN_COMMA = YES;
				CLANG_WARN_CONSTANT_CONVERSION = YES;
				CLANG_WARN_DEPRECATED_OBJC_IMPLEMENTATIONS = YES;
				CLANG_WARN_DIRECT_OBJC_ISA_USAGE = YES_ERROR;
				CLANG_WARN_DOCUMENTATION_COMMENTS = YES;
				CLANG_WARN_EMPTY_BODY = YES;
				CLANG_WARN_ENUM_CONVERSION = YES;
				CLANG_WARN_INFINITE_RECURSION = YES;
				CLANG_WARN_INT_CONVERSION = YES;
				CLANG_WARN_NON_LITERAL_NULL_CONVERSION = YES;
				CLANG_WARN_OBJC_IMPLICIT_RETAIN_SELF = YES;
				CLANG_WARN_OBJC_LITERAL_CONVERSION = YES;
				CLANG_WARN_OBJC_ROOT_CLASS = YES_ERROR;
				CLANG_WARN_QUOTED_INCLUDE_IN_FRAMEWORK_HEADER = YES;
				CLANG_WARN_RANGE_LOOP_ANALYSIS = YES;
				CLANG_WARN_STRICT_PROTOTYPES = YES;
				CLANG_WARN_SUSPICIOUS_MOVE = YES;
				CLANG_WARN_UNGUARDED_AVAILABILITY = YES_AGGRESSIVE;
				CLANG_WARN_UNREACHABLE_CODE = YES;
				CLANG_WARN__DUPLICATE_METHOD_MATCH = YES;
				COPY_PHASE_STRIP = NO;
				DEBUG_INFORMATION_FORMAT = "dwarf-with-dsym";
				ENABLE_NS_ASSERTIONS = NO;
				ENABLE_STRICT_OBJC_MSGSEND = YES;
				ENABLE_USER_SCRIPT_SANDBOXING = YES;
				GCC_C_LANGUAGE_STANDARD = gnu17;
				GCC_NO_COMMON_BLOCKS = YES;
				GCC_WARN_64_TO_32_BIT_CONVERSION = YES;
				GCC_WARN_ABOUT_RETURN_TYPE = YES_ERROR;
				GCC_WARN_UNDECLARED_SELECTOR = YES;
				GCC_WARN_UNINITIALIZED_AUTOS = YES_AGGRESSIVE;
				GCC_WARN_UNUSED_FUNCTION = YES;
				GCC_WARN_UNUSED_VARIABLE = YES;
				IPHONEOS_DEPLOYMENT_TARGET = 17.5;
				LOCALIZATION_PREFERS_STRING_CATALOGS = YES;
				MTL_ENABLE_DEBUG_INFO = NO;
				MTL_FAST_MATH = YES;
				SDKROOT = iphoneos;
				SWIFT_COMPILATION_MODE = wholemodule;
				VALIDATE_PRODUCT = YES;
			};
			name = Release;
		};
		6DBF3DC12C9CF9200015FAA3 /* Debug */ = {
			isa = XCBuildConfiguration;
			buildSettings = {
				ASSETCATALOG_COMPILER_APPICON_NAME = AppIcon;
				ASSETCATALOG_COMPILER_GLOBAL_ACCENT_COLOR_NAME = AccentColor;
				CODE_SIGN_STYLE = Automatic;
				CURRENT_PROJECT_VERSION = 1;
				DEVELOPMENT_TEAM = RQHZUCMHSH;
				GENERATE_INFOPLIST_FILE = YES;
				INFOPLIST_FILE = DrivenUI/Info.plist;
				INFOPLIST_KEY_UIApplicationSupportsIndirectInputEvents = YES;
				INFOPLIST_KEY_UILaunchStoryboardName = LaunchScreen;
				INFOPLIST_KEY_UISupportedInterfaceOrientations_iPad = "UIInterfaceOrientationPortrait UIInterfaceOrientationPortraitUpsideDown UIInterfaceOrientationLandscapeLeft UIInterfaceOrientationLandscapeRight";
				INFOPLIST_KEY_UISupportedInterfaceOrientations_iPhone = "UIInterfaceOrientationPortrait UIInterfaceOrientationLandscapeLeft UIInterfaceOrientationLandscapeRight";
				LD_RUNPATH_SEARCH_PATHS = (
					"$(inherited)",
					"@executable_path/Frameworks",
				);
				MARKETING_VERSION = 1.0;
				PRODUCT_BUNDLE_IDENTIFIER = com.seungchan.DrivenUI;
				PRODUCT_NAME = "$(TARGET_NAME)";
				SWIFT_EMIT_LOC_STRINGS = YES;
				SWIFT_VERSION = 5.0;
				TARGETED_DEVICE_FAMILY = "1,2";
			};
			name = Debug;
		};
		6DBF3DC22C9CF9200015FAA3 /* Release */ = {
			isa = XCBuildConfiguration;
			buildSettings = {
				ASSETCATALOG_COMPILER_APPICON_NAME = AppIcon;
				ASSETCATALOG_COMPILER_GLOBAL_ACCENT_COLOR_NAME = AccentColor;
				CODE_SIGN_STYLE = Automatic;
				CURRENT_PROJECT_VERSION = 1;
				DEVELOPMENT_TEAM = RQHZUCMHSH;
				GENERATE_INFOPLIST_FILE = YES;
				INFOPLIST_FILE = DrivenUI/Info.plist;
				INFOPLIST_KEY_UIApplicationSupportsIndirectInputEvents = YES;
				INFOPLIST_KEY_UILaunchStoryboardName = LaunchScreen;
				INFOPLIST_KEY_UISupportedInterfaceOrientations_iPad = "UIInterfaceOrientationPortrait UIInterfaceOrientationPortraitUpsideDown UIInterfaceOrientationLandscapeLeft UIInterfaceOrientationLandscapeRight";
				INFOPLIST_KEY_UISupportedInterfaceOrientations_iPhone = "UIInterfaceOrientationPortrait UIInterfaceOrientationLandscapeLeft UIInterfaceOrientationLandscapeRight";
				LD_RUNPATH_SEARCH_PATHS = (
					"$(inherited)",
					"@executable_path/Frameworks",
				);
				MARKETING_VERSION = 1.0;
				PRODUCT_BUNDLE_IDENTIFIER = com.seungchan.DrivenUI;
				PRODUCT_NAME = "$(TARGET_NAME)";
				SWIFT_EMIT_LOC_STRINGS = YES;
				SWIFT_VERSION = 5.0;
				TARGETED_DEVICE_FAMILY = "1,2";
			};
			name = Release;
		};
		6DBF3DC42C9CF9200015FAA3 /* Debug */ = {
			isa = XCBuildConfiguration;
			buildSettings = {
				ALWAYS_EMBED_SWIFT_STANDARD_LIBRARIES = YES;
				BUNDLE_LOADER = "$(TEST_HOST)";
				CODE_SIGN_STYLE = Automatic;
				CURRENT_PROJECT_VERSION = 1;
				DEVELOPMENT_TEAM = RQHZUCMHSH;
				GENERATE_INFOPLIST_FILE = YES;
				IPHONEOS_DEPLOYMENT_TARGET = 17.5;
				MARKETING_VERSION = 1.0;
				PRODUCT_BUNDLE_IDENTIFIER = com.seungchan.DrivenUITests;
				PRODUCT_NAME = "$(TARGET_NAME)";
				SWIFT_EMIT_LOC_STRINGS = NO;
				SWIFT_VERSION = 5.0;
				TARGETED_DEVICE_FAMILY = "1,2";
				TEST_HOST = "$(BUILT_PRODUCTS_DIR)/DrivenUI.app/$(BUNDLE_EXECUTABLE_FOLDER_PATH)/DrivenUI";
			};
			name = Debug;
		};
		6DBF3DC52C9CF9200015FAA3 /* Release */ = {
			isa = XCBuildConfiguration;
			buildSettings = {
				ALWAYS_EMBED_SWIFT_STANDARD_LIBRARIES = YES;
				BUNDLE_LOADER = "$(TEST_HOST)";
				CODE_SIGN_STYLE = Automatic;
				CURRENT_PROJECT_VERSION = 1;
				DEVELOPMENT_TEAM = RQHZUCMHSH;
				GENERATE_INFOPLIST_FILE = YES;
				IPHONEOS_DEPLOYMENT_TARGET = 17.5;
				MARKETING_VERSION = 1.0;
				PRODUCT_BUNDLE_IDENTIFIER = com.seungchan.DrivenUITests;
				PRODUCT_NAME = "$(TARGET_NAME)";
				SWIFT_EMIT_LOC_STRINGS = NO;
				SWIFT_VERSION = 5.0;
				TARGETED_DEVICE_FAMILY = "1,2";
				TEST_HOST = "$(BUILT_PRODUCTS_DIR)/DrivenUI.app/$(BUNDLE_EXECUTABLE_FOLDER_PATH)/DrivenUI";
			};
			name = Release;
		};
		6DBF3DC72C9CF9200015FAA3 /* Debug */ = {
			isa = XCBuildConfiguration;
			buildSettings = {
				ALWAYS_EMBED_SWIFT_STANDARD_LIBRARIES = YES;
				CODE_SIGN_STYLE = Automatic;
				CURRENT_PROJECT_VERSION = 1;
				DEVELOPMENT_TEAM = RQHZUCMHSH;
				GENERATE_INFOPLIST_FILE = YES;
				MARKETING_VERSION = 1.0;
				PRODUCT_BUNDLE_IDENTIFIER = com.seungchan.DrivenUIUITests;
				PRODUCT_NAME = "$(TARGET_NAME)";
				SWIFT_EMIT_LOC_STRINGS = NO;
				SWIFT_VERSION = 5.0;
				TARGETED_DEVICE_FAMILY = "1,2";
				TEST_TARGET_NAME = DrivenUI;
			};
			name = Debug;
		};
		6DBF3DC82C9CF9200015FAA3 /* Release */ = {
			isa = XCBuildConfiguration;
			buildSettings = {
				ALWAYS_EMBED_SWIFT_STANDARD_LIBRARIES = YES;
				CODE_SIGN_STYLE = Automatic;
				CURRENT_PROJECT_VERSION = 1;
				DEVELOPMENT_TEAM = RQHZUCMHSH;
				GENERATE_INFOPLIST_FILE = YES;
				MARKETING_VERSION = 1.0;
				PRODUCT_BUNDLE_IDENTIFIER = com.seungchan.DrivenUIUITests;
				PRODUCT_NAME = "$(TARGET_NAME)";
				SWIFT_EMIT_LOC_STRINGS = NO;
				SWIFT_VERSION = 5.0;
				TARGETED_DEVICE_FAMILY = "1,2";
				TEST_TARGET_NAME = DrivenUI;
			};
			name = Release;
		};
/* End XCBuildConfiguration section */

/* Begin XCConfigurationList section */
		6DBF3D912C9CF91E0015FAA3 /* Build configuration list for PBXProject "DrivenUI" */ = {
			isa = XCConfigurationList;
			buildConfigurations = (
				6DBF3DBE2C9CF9200015FAA3 /* Debug */,
				6DBF3DBF2C9CF9200015FAA3 /* Release */,
			);
			defaultConfigurationIsVisible = 0;
			defaultConfigurationName = Release;
		};
		6DBF3DC02C9CF9200015FAA3 /* Build configuration list for PBXNativeTarget "DrivenUI" */ = {
			isa = XCConfigurationList;
			buildConfigurations = (
				6DBF3DC12C9CF9200015FAA3 /* Debug */,
				6DBF3DC22C9CF9200015FAA3 /* Release */,
			);
			defaultConfigurationIsVisible = 0;
			defaultConfigurationName = Release;
		};
		6DBF3DC32C9CF9200015FAA3 /* Build configuration list for PBXNativeTarget "DrivenUITests" */ = {
			isa = XCConfigurationList;
			buildConfigurations = (
				6DBF3DC42C9CF9200015FAA3 /* Debug */,
				6DBF3DC52C9CF9200015FAA3 /* Release */,
			);
			defaultConfigurationIsVisible = 0;
			defaultConfigurationName = Release;
		};
		6DBF3DC62C9CF9200015FAA3 /* Build configuration list for PBXNativeTarget "DrivenUIUITests" */ = {
			isa = XCConfigurationList;
			buildConfigurations = (
				6DBF3DC72C9CF9200015FAA3 /* Debug */,
				6DBF3DC82C9CF9200015FAA3 /* Release */,
			);
			defaultConfigurationIsVisible = 0;
			defaultConfigurationName = Release;
		};
/* End XCConfigurationList section */

/* Begin XCRemoteSwiftPackageReference section */
		6DBF3DC92C9D06320015FAA3 /* XCRemoteSwiftPackageReference "SnapKit" */ = {
			isa = XCRemoteSwiftPackageReference;
			repositoryURL = "https://github.com/SnapKit/SnapKit.git";
			requirement = {
				kind = upToNextMajorVersion;
				minimumVersion = 5.7.1;
			};
		};
/* End XCRemoteSwiftPackageReference section */

/* Begin XCSwiftPackageProductDependency section */
		6DBF3DCA2C9D06320015FAA3 /* SnapKit */ = {
			isa = XCSwiftPackageProductDependency;
			package = 6DBF3DC92C9D06320015FAA3 /* XCRemoteSwiftPackageReference "SnapKit" */;
			productName = SnapKit;
		};
/* End XCSwiftPackageProductDependency section */
	};
	rootObject = 6DBF3D8E2C9CF91E0015FAA3 /* Project object */;
}
